
Microsoft Visual Studio Solution File, Format Version 12.00
# Visual Studio Version 16
VisualStudioVersion = 16.0.30907.101
MinimumVisualStudioVersion = 10.0.40219.1
Project("{FAE04EC0-301F-11D3-BF4B-00C04F79EFBC}") = "reRack", "reRack.Design\reRack.csproj", "{344957C7-AA1C-4121-94B7-AFE2AD6BFCE2}"
EndProject
Project("{FAE04EC0-301F-11D3-BF4B-00C04F79EFBC}") = "Validacija", "Validacija\Validacija.csproj", "{C8AC056B-5CBE-433C-8C48-5CC7CE6C463C}"
EndProject
Global
	GlobalSection(SolutionConfigurationPlatforms) = preSolution
		Debug|Any CPU = Debug|Any CPU
		Release|Any CPU = Release|Any CPU
	EndGlobalSection
	GlobalSection(ProjectConfigurationPlatforms) = postSolution
		{344957C7-AA1C-4121-94B7-AFE2AD6BFCE2}.Debug|Any CPU.ActiveCfg = Debug|Any CPU
		{344957C7-AA1C-4121-94B7-AFE2AD6BFCE2}.Debug|Any CPU.Build.0 = Debug|Any CPU
		{344957C7-AA1C-4121-94B7-AFE2AD6BFCE2}.Release|Any CPU.ActiveCfg = Release|Any CPU
		{344957C7-AA1C-4121-94B7-AFE2AD6BFCE2}.Release|Any CPU.Build.0 = Release|Any CPU
		{C8AC056B-5CBE-433C-8C48-5CC7CE6C463C}.Debug|Any CPU.ActiveCfg = Debug|Any CPU
		{C8AC056B-5CBE-433C-8C48-5CC7CE6C463C}.Debug|Any CPU.Build.0 = Debug|Any CPU
		{C8AC056B-5CBE-433C-8C48-5CC7CE6C463C}.Release|Any CPU.ActiveCfg = Release|Any CPU
		{C8AC056B-5CBE-433C-8C48-5CC7CE6C463C}.Release|Any CPU.Build.0 = Release|Any CPU
	EndGlobalSection
	GlobalSection(SolutionProperties) = preSolution
		HideSolutionNode = FALSE
	EndGlobalSection
	GlobalSection(ExtensibilityGlobals) = postSolution
		SolutionGuid = {5F4FA668-AD02-4FA1-9ECE-F35E5FE320E1}
	EndGlobalSection
EndGlobal
